github.com/AviSantoso/patsy v0.0.0-20220525025924-e76ccbf01350 h1:DJ1KxrVIcbSnwzHdjeGuwO8pKF8uwEOoxQl08pgCjos=
github.com/AviSantoso/patsy v0.0.0-20220525025924-e76ccbf01350/go.mod h1:gYy3k7d9BMksE3BESQwTK2cHABC97Q3J4OXp5zi7Lmw=
github.com/dave/astrid v0.0.0-20170323122508-8c2895878b14 h1:YI1gOOdmMk3xodBao7fehcvoZsEeOyy/cfhlpCSPgM4=
github.com/dave/astrid v0.0.0-20170323122508-8c2895878b14/go.mod h1:Sth2QfxfATb/nW4EsrSi2KyJmbcniZ8TgTaji17D6ms=
github.com/dave/brenda v1.1.0 h1:Sl1LlwXnbw7xMhq3y2x11McFu43AjDcwkllxxgZ3EZw=
github.com/dave/brenda v1.1.0/go.mod h1:4wCUr6gSlu5/1Tk7akE5X7UorwiQ8Rij0SKH3/BGMOM=
github.com/dave/patsy v0.0.0-20210517141501-957256f50cba h1:1o36L4EKbZzazMk8iGC4kXpVnZ6TPxR2mZ9qVKjNNAs=
github.com/dave/patsy v0.0.0-20210517141501-957256f50cba/go.mod h1:qfR88CgEGLoiqDaE+xxDCi5QA5v4vUoW0UCX2Nd5Tlc=
github.com/pkg/errors v0.9.1 h1:FEBLx1zS214owpjy7qsBeixbURkuhQAwrK5UwLGTwt4=
github.com/pkg/errors v0.9.1/go.mod h1:bwawxfHBFNV+L2hUp1rHADufV3IMtnDRdf1r5NINEl0=
golang.org/x/mod v0.6.0-dev.0.20220106191415-9b9b3d81d5e3 h1:kQgndtyPBW/JIYERgdxfwMYh3AVStj88WQTlNDi2a+o=
golang.org/x/mod v0.6.0-dev.0.20220106191415-9b9b3d81d5e3/go.mod h1:3p9vT2HGsQu2K1YbXdKPJLVgG5VJdoTa1poYQBtP1AY=
golang.org/x/sys v0.0.0-20211019181941-9d821ace8654 h1:id054HUawV2/6IGm2IV8KZQjqtwAOo2CYlOToYqa0d0=
golang.org/x/sys v0.0.0-20211019181941-9d821ace8654/go.mod h1:oPkhp1MJrh7nUepCBck5+mAzfO9JrbApNNgaTdGDITg=
golang.org/x/tools v0.1.10 h1:QjFRCZxdOhBJ/UNgnBZLbNV13DlbnK0quyivTnXJM20=
golang.org/x/tools v0.1.10/go.mod h1:Uh6Zz+xoGYZom868N8YTex3t7RhtHDBrE8Gzo9bV56E=
golang.org/x/xerrors v0.0.0-20200804184101-5ec99f83aff1 h1:go1bK/D/BFZV2I8cIQd1NKEZ+0owSTG1fDTci4IqFcE=
golang.org/x/xerrors v0.0.0-20200804184101-5ec99f83aff1/go.mod h1:I/5z698sn9Ka8TeJc9MKroUUfqBBauWjQqLJ2OPfmY0=
